// !$*UTF8*$!
{
	archiveVersion = 1;
	classes = {
	};
	objectVersion = 50;
	objects = {

/* Begin PBXBuildFile section */
		36348BA1225EA9D100B46C1F /* AppDelegate.swift in Sources */ = {isa = PBXBuildFile; fileRef = 36348BA0225EA9D100B46C1F /* AppDelegate.swift */; };
		36348BA3225EA9D100B46C1F /* SignUPVC.swift in Sources */ = {isa = PBXBuildFile; fileRef = 36348BA2225EA9D100B46C1F /* SignUPVC.swift */; };
		36348BA8225EA9D300B46C1F /* Assets.xcassets in Resources */ = {isa = PBXBuildFile; fileRef = 36348BA7225EA9D300B46C1F /* Assets.xcassets */; };
		36348BAB225EA9D300B46C1F /* LaunchScreen.storyboard in Resources */ = {isa = PBXBuildFile; fileRef = 36348BA9225EA9D300B46C1F /* LaunchScreen.storyboard */; };
		36348BB6225EA9D300B46C1F /* Instagram_CloneTests.swift in Sources */ = {isa = PBXBuildFile; fileRef = 36348BB5225EA9D300B46C1F /* Instagram_CloneTests.swift */; };
		36348BC1225EA9D300B46C1F /* Instagram_CloneUITests.swift in Sources */ = {isa = PBXBuildFile; fileRef = 36348BC0225EA9D300B46C1F /* Instagram_CloneUITests.swift */; };
		3651A6B922E505BD00096A04 /* UserProfileVCHeader.swift in Sources */ = {isa = PBXBuildFile; fileRef = 3651A6B822E505BD00096A04 /* UserProfileVCHeader.swift */; };
		36551B7C22B35E1B00F29F66 /* RootTabBarVC.swift in Sources */ = {isa = PBXBuildFile; fileRef = 36551B7B22B35E1B00F29F66 /* RootTabBarVC.swift */; };
		36551B7E22B362BE00F29F66 /* UserProfileVC.swift in Sources */ = {isa = PBXBuildFile; fileRef = 36551B7D22B362BE00F29F66 /* UserProfileVC.swift */; };
		36551B8022B3691300F29F66 /* User.swift in Sources */ = {isa = PBXBuildFile; fileRef = 36551B7F22B3691300F29F66 /* User.swift */; };
		366F83C42263E49E00403BF0 /* Extensions.swift in Sources */ = {isa = PBXBuildFile; fileRef = 366F83C32263E49E00403BF0 /* Extensions.swift */; };
		366F83C62263EED900403BF0 /* GoogleService-Info.plist in Resources */ = {isa = PBXBuildFile; fileRef = 366F83C52263EED800403BF0 /* GoogleService-Info.plist */; };
		366FE4B122A4C7E40049C212 /* AuthenticationManager.swift in Sources */ = {isa = PBXBuildFile; fileRef = 366FE4B022A4C7E40049C212 /* AuthenticationManager.swift */; };
		366FE4B322A4C9760049C212 /* DatabaseManager.swift in Sources */ = {isa = PBXBuildFile; fileRef = 366FE4B222A4C9760049C212 /* DatabaseManager.swift */; };
		366FE4B522A4CC340049C212 /* Constants.swift in Sources */ = {isa = PBXBuildFile; fileRef = 366FE4B422A4CC340049C212 /* Constants.swift */; };
		366FE4B722A4CC930049C212 /* StorageManager.swift in Sources */ = {isa = PBXBuildFile; fileRef = 366FE4B622A4CC930049C212 /* StorageManager.swift */; };
		368C4ED822E9179000A852A2 /* LoginVC.swift in Sources */ = {isa = PBXBuildFile; fileRef = 368C4ED722E9179000A852A2 /* LoginVC.swift */; };
		36D9D77123134B1E00B6FE08 /* HomeVC.swift in Sources */ = {isa = PBXBuildFile; fileRef = 36D9D77023134B1E00B6FE08 /* HomeVC.swift */; };
		36D9D77323134C6E00B6FE08 /* HomePostCell.swift in Sources */ = {isa = PBXBuildFile; fileRef = 36D9D77223134C6E00B6FE08 /* HomePostCell.swift */; };
		36FF686A22EA583200D0E029 /* PictureVC.swift in Sources */ = {isa = PBXBuildFile; fileRef = 36FF686922EA583200D0E029 /* PictureVC.swift */; };
		36FF686C22EA612400D0E029 /* PictureCell.swift in Sources */ = {isa = PBXBuildFile; fileRef = 36FF686B22EA612400D0E029 /* PictureCell.swift */; };
		36FF686E22EB7A5F00D0E029 /* ShareVC.swift in Sources */ = {isa = PBXBuildFile; fileRef = 36FF686D22EB7A5F00D0E029 /* ShareVC.swift */; };
		36FF687022EB94D900D0E029 /* Post.swift in Sources */ = {isa = PBXBuildFile; fileRef = 36FF686F22EB94D900D0E029 /* Post.swift */; };
		6A8502F38E50C100C05965F9 /* Pods_Instagram_Clone.framework in Frameworks */ = {isa = PBXBuildFile; fileRef = DD12B08BC3EDCDC739F995AA /* Pods_Instagram_Clone.framework */; };
		C4DBB79921EAA63616C8BD89 /* Pods_Instagram_CloneUITests.framework in Frameworks */ = {isa = PBXBuildFile; fileRef = 57476DE685861C8A61A1F16A /* Pods_Instagram_CloneUITests.framework */; };
		FB03A6F9A2DF1C30B73E44E4 /* Pods_Instagram_CloneTests.framework in Frameworks */ = {isa = PBXBuildFile; fileRef = B04FF4DE2775645FC4F7DC4F /* Pods_Instagram_CloneTests.framework */; };
/* End PBXBuildFile section */

/* Begin PBXContainerItemProxy section */
		36348BB2225EA9D300B46C1F /* PBXContainerItemProxy */ = {
			isa = PBXContainerItemProxy;
			containerPortal = 36348B95225EA9D100B46C1F /* Project object */;
			proxyType = 1;
			remoteGlobalIDString = 36348B9C225EA9D100B46C1F;
			remoteInfo = "Instagram-Clone";
		};
		36348BBD225EA9D300B46C1F /* PBXContainerItemProxy */ = {
			isa = PBXContainerItemProxy;
			containerPortal = 36348B95225EA9D100B46C1F /* Project object */;
			proxyType = 1;
			remoteGlobalIDString = 36348B9C225EA9D100B46C1F;
			remoteInfo = "Instagram-Clone";
		};
/* End PBXContainerItemProxy section */

/* Begin PBXFileReference section */
		2DB836C6FDD241B701F33F82 /* Pods-Instagram-CloneUITests.release.xcconfig */ = {isa = PBXFileReference; includeInIndex = 1; lastKnownFileType = text.xcconfig; name = "Pods-Instagram-CloneUITests.release.xcconfig"; path = "Pods/Target Support Files/Pods-Instagram-CloneUITests/Pods-Instagram-CloneUITests.release.xcconfig"; sourceTree = "<group>"; };
		36348B9D225EA9D100B46C1F /* Instagram-Clone.app */ = {isa = PBXFileReference; explicitFileType = wrapper.application; includeInIndex = 0; path = "Instagram-Clone.app"; sourceTree = BUILT_PRODUCTS_DIR; };
		36348BA0225EA9D100B46C1F /* AppDelegate.swift */ = {isa = PBXFileReference; lastKnownFileType = sourcecode.swift; path = AppDelegate.swift; sourceTree = "<group>"; };
		36348BA2225EA9D100B46C1F /* SignUPVC.swift */ = {isa = PBXFileReference; lastKnownFileType = sourcecode.swift; path = SignUPVC.swift; sourceTree = "<group>"; };
		36348BA7225EA9D300B46C1F /* Assets.xcassets */ = {isa = PBXFileReference; lastKnownFileType = folder.assetcatalog; path = Assets.xcassets; sourceTree = "<group>"; };
		36348BAA225EA9D300B46C1F /* Base */ = {isa = PBXFileReference; lastKnownFileType = file.storyboard; name = Base; path = Base.lproj/LaunchScreen.storyboard; sourceTree = "<group>"; };
		36348BAC225EA9D300B46C1F /* Info.plist */ = {isa = PBXFileReference; lastKnownFileType = text.plist.xml; path = Info.plist; sourceTree = "<group>"; };
		36348BB1225EA9D300B46C1F /* Instagram-CloneTests.xctest */ = {isa = PBXFileReference; explicitFileType = wrapper.cfbundle; includeInIndex = 0; path = "Instagram-CloneTests.xctest"; sourceTree = BUILT_PRODUCTS_DIR; };
		36348BB5225EA9D300B46C1F /* Instagram_CloneTests.swift */ = {isa = PBXFileReference; lastKnownFileType = sourcecode.swift; path = Instagram_CloneTests.swift; sourceTree = "<group>"; };
		36348BB7225EA9D300B46C1F /* Info.plist */ = {isa = PBXFileReference; lastKnownFileType = text.plist.xml; path = Info.plist; sourceTree = "<group>"; };
		36348BBC225EA9D300B46C1F /* Instagram-CloneUITests.xctest */ = {isa = PBXFileReference; explicitFileType = wrapper.cfbundle; includeInIndex = 0; path = "Instagram-CloneUITests.xctest"; sourceTree = BUILT_PRODUCTS_DIR; };
		36348BC0225EA9D300B46C1F /* Instagram_CloneUITests.swift */ = {isa = PBXFileReference; lastKnownFileType = sourcecode.swift; path = Instagram_CloneUITests.swift; sourceTree = "<group>"; };
		36348BC2225EA9D300B46C1F /* Info.plist */ = {isa = PBXFileReference; lastKnownFileType = text.plist.xml; path = Info.plist; sourceTree = "<group>"; };
		3651A6B822E505BD00096A04 /* UserProfileVCHeader.swift */ = {isa = PBXFileReference; lastKnownFileType = sourcecode.swift; path = UserProfileVCHeader.swift; sourceTree = "<group>"; };
		36551B7B22B35E1B00F29F66 /* RootTabBarVC.swift */ = {isa = PBXFileReference; lastKnownFileType = sourcecode.swift; path = RootTabBarVC.swift; sourceTree = "<group>"; };
		36551B7D22B362BE00F29F66 /* UserProfileVC.swift */ = {isa = PBXFileReference; lastKnownFileType = sourcecode.swift; path = UserProfileVC.swift; sourceTree = "<group>"; };
		36551B7F22B3691300F29F66 /* User.swift */ = {isa = PBXFileReference; lastKnownFileType = sourcecode.swift; path = User.swift; sourceTree = "<group>"; };
		366F83C32263E49E00403BF0 /* Extensions.swift */ = {isa = PBXFileReference; lastKnownFileType = sourcecode.swift; path = Extensions.swift; sourceTree = "<group>"; };
		366F83C52263EED800403BF0 /* GoogleService-Info.plist */ = {isa = PBXFileReference; fileEncoding = 4; lastKnownFileType = text.plist.xml; path = "GoogleService-Info.plist"; sourceTree = "<group>"; };
		366FE4B022A4C7E40049C212 /* AuthenticationManager.swift */ = {isa = PBXFileReference; lastKnownFileType = sourcecode.swift; path = AuthenticationManager.swift; sourceTree = "<group>"; };
		366FE4B222A4C9760049C212 /* DatabaseManager.swift */ = {isa = PBXFileReference; lastKnownFileType = sourcecode.swift; path = DatabaseManager.swift; sourceTree = "<group>"; };
		366FE4B422A4CC340049C212 /* Constants.swift */ = {isa = PBXFileReference; lastKnownFileType = sourcecode.swift; path = Constants.swift; sourceTree = "<group>"; };
		366FE4B622A4CC930049C212 /* StorageManager.swift */ = {isa = PBXFileReference; lastKnownFileType = sourcecode.swift; path = StorageManager.swift; sourceTree = "<group>"; };
		368C4ED722E9179000A852A2 /* LoginVC.swift */ = {isa = PBXFileReference; lastKnownFileType = sourcecode.swift; path = LoginVC.swift; sourceTree = "<group>"; };
		36D9D77023134B1E00B6FE08 /* HomeVC.swift */ = {isa = PBXFileReference; lastKnownFileType = sourcecode.swift; path = HomeVC.swift; sourceTree = "<group>"; };
		36D9D77223134C6E00B6FE08 /* HomePostCell.swift */ = {isa = PBXFileReference; lastKnownFileType = sourcecode.swift; path = HomePostCell.swift; sourceTree = "<group>"; };
		36FF686922EA583200D0E029 /* PictureVC.swift */ = {isa = PBXFileReference; lastKnownFileType = sourcecode.swift; path = PictureVC.swift; sourceTree = "<group>"; };
		36FF686B22EA612400D0E029 /* PictureCell.swift */ = {isa = PBXFileReference; lastKnownFileType = sourcecode.swift; path = PictureCell.swift; sourceTree = "<group>"; };
		36FF686D22EB7A5F00D0E029 /* ShareVC.swift */ = {isa = PBXFileReference; lastKnownFileType = sourcecode.swift; path = ShareVC.swift; sourceTree = "<group>"; };
		36FF686F22EB94D900D0E029 /* Post.swift */ = {isa = PBXFileReference; lastKnownFileType = sourcecode.swift; path = Post.swift; sourceTree = "<group>"; };
		5499DF27BDD7B03516F9BB5D /* Pods-Instagram-CloneTests.release.xcconfig */ = {isa = PBXFileReference; includeInIndex = 1; lastKnownFileType = text.xcconfig; name = "Pods-Instagram-CloneTests.release.xcconfig"; path = "Pods/Target Support Files/Pods-Instagram-CloneTests/Pods-Instagram-CloneTests.release.xcconfig"; sourceTree = "<group>"; };
		572EAC0D6AFC158D8E1D9A3F /* Pods-Instagram-Clone.release.xcconfig */ = {isa = PBXFileReference; includeInIndex = 1; lastKnownFileType = text.xcconfig; name = "Pods-Instagram-Clone.release.xcconfig"; path = "Pods/Target Support Files/Pods-Instagram-Clone/Pods-Instagram-Clone.release.xcconfig"; sourceTree = "<group>"; };
		57476DE685861C8A61A1F16A /* Pods_Instagram_CloneUITests.framework */ = {isa = PBXFileReference; explicitFileType = wrapper.framework; includeInIndex = 0; path = Pods_Instagram_CloneUITests.framework; sourceTree = BUILT_PRODUCTS_DIR; };
		A9F6756536623BC6DCF083D3 /* Pods-Instagram-CloneUITests.debug.xcconfig */ = {isa = PBXFileReference; includeInIndex = 1; lastKnownFileType = text.xcconfig; name = "Pods-Instagram-CloneUITests.debug.xcconfig"; path = "Pods/Target Support Files/Pods-Instagram-CloneUITests/Pods-Instagram-CloneUITests.debug.xcconfig"; sourceTree = "<group>"; };
		AC28A1A8393BAD1F2500E98F /* Pods-Instagram-Clone.debug.xcconfig */ = {isa = PBXFileReference; includeInIndex = 1; lastKnownFileType = text.xcconfig; name = "Pods-Instagram-Clone.debug.xcconfig"; path = "Pods/Target Support Files/Pods-Instagram-Clone/Pods-Instagram-Clone.debug.xcconfig"; sourceTree = "<group>"; };
		B04FF4DE2775645FC4F7DC4F /* Pods_Instagram_CloneTests.framework */ = {isa = PBXFileReference; explicitFileType = wrapper.framework; includeInIndex = 0; path = Pods_Instagram_CloneTests.framework; sourceTree = BUILT_PRODUCTS_DIR; };
		D0328088F39327CA2328CAF4 /* Pods-Instagram-CloneTests.debug.xcconfig */ = {isa = PBXFileReference; includeInIndex = 1; lastKnownFileType = text.xcconfig; name = "Pods-Instagram-CloneTests.debug.xcconfig"; path = "Pods/Target Support Files/Pods-Instagram-CloneTests/Pods-Instagram-CloneTests.debug.xcconfig"; sourceTree = "<group>"; };
		DD12B08BC3EDCDC739F995AA /* Pods_Instagram_Clone.framework */ = {isa = PBXFileReference; explicitFileType = wrapper.framework; includeInIndex = 0; path = Pods_Instagram_Clone.framework; sourceTree = BUILT_PRODUCTS_DIR; };
/* End PBXFileReference section */

/* Begin PBXFrameworksBuildPhase section */
		36348B9A225EA9D100B46C1F /* Frameworks */ = {
			isa = PBXFrameworksBuildPhase;
			buildActionMask = 2147483647;
			files = (
				6A8502F38E50C100C05965F9 /* Pods_Instagram_Clone.framework in Frameworks */,
			);
			runOnlyForDeploymentPostprocessing = 0;
		};
		36348BAE225EA9D300B46C1F /* Frameworks */ = {
			isa = PBXFrameworksBuildPhase;
			buildActionMask = 2147483647;
			files = (
				FB03A6F9A2DF1C30B73E44E4 /* Pods_Instagram_CloneTests.framework in Frameworks */,
			);
			runOnlyForDeploymentPostprocessing = 0;
		};
		36348BB9225EA9D300B46C1F /* Frameworks */ = {
			isa = PBXFrameworksBuildPhase;
			buildActionMask = 2147483647;
			files = (
				C4DBB79921EAA63616C8BD89 /* Pods_Instagram_CloneUITests.framework in Frameworks */,
			);
			runOnlyForDeploymentPostprocessing = 0;
		};
/* End PBXFrameworksBuildPhase section */

/* Begin PBXGroup section */
		36348B94225EA9D100B46C1F = {
			isa = PBXGroup;
			children = (
				36348B9F225EA9D100B46C1F /* Instagram-Clone */,
				36348BB4225EA9D300B46C1F /* Instagram-CloneTests */,
				36348BBF225EA9D300B46C1F /* Instagram-CloneUITests */,
				36348B9E225EA9D100B46C1F /* Products */,
				4ACC6D3B5E87095AB472F17F /* Pods */,
				D00FE48FFF7B3CA9E58287FD /* Frameworks */,
			);
			sourceTree = "<group>";
		};
		36348B9E225EA9D100B46C1F /* Products */ = {
			isa = PBXGroup;
			children = (
				36348B9D225EA9D100B46C1F /* Instagram-Clone.app */,
				36348BB1225EA9D300B46C1F /* Instagram-CloneTests.xctest */,
				36348BBC225EA9D300B46C1F /* Instagram-CloneUITests.xctest */,
			);
			name = Products;
			sourceTree = "<group>";
		};
		36348B9F225EA9D100B46C1F /* Instagram-Clone */ = {
			isa = PBXGroup;
			children = (
				366FE4AF22A4C7C80049C212 /* Service */,
				366F83C92263F1FD00403BF0 /* Model */,
				366F83C82263F1FA00403BF0 /* View */,
				366F83C72263F1F700403BF0 /* Controller */,
				366F83C22263E48600403BF0 /* Utilities */,
				36348BA0225EA9D100B46C1F /* AppDelegate.swift */,
				36348BA7225EA9D300B46C1F /* Assets.xcassets */,
				36348BA9225EA9D300B46C1F /* LaunchScreen.storyboard */,
				36348BAC225EA9D300B46C1F /* Info.plist */,
				366F83C52263EED800403BF0 /* GoogleService-Info.plist */,
			);
			path = "Instagram-Clone";
			sourceTree = "<group>";
		};
		36348BB4225EA9D300B46C1F /* Instagram-CloneTests */ = {
			isa = PBXGroup;
			children = (
				36348BB5225EA9D300B46C1F /* Instagram_CloneTests.swift */,
				36348BB7225EA9D300B46C1F /* Info.plist */,
			);
			path = "Instagram-CloneTests";
			sourceTree = "<group>";
		};
		36348BBF225EA9D300B46C1F /* Instagram-CloneUITests */ = {
			isa = PBXGroup;
			children = (
				36348BC0225EA9D300B46C1F /* Instagram_CloneUITests.swift */,
				36348BC2225EA9D300B46C1F /* Info.plist */,
			);
			path = "Instagram-CloneUITests";
			sourceTree = "<group>";
		};
		366F83C22263E48600403BF0 /* Utilities */ = {
			isa = PBXGroup;
			children = (
				366F83C32263E49E00403BF0 /* Extensions.swift */,
				366FE4B422A4CC340049C212 /* Constants.swift */,
			);
			path = Utilities;
			sourceTree = "<group>";
		};
		366F83C72263F1F700403BF0 /* Controller */ = {
			isa = PBXGroup;
			children = (
				368C4ED722E9179000A852A2 /* LoginVC.swift */,
				36348BA2225EA9D100B46C1F /* SignUPVC.swift */,
				36551B7B22B35E1B00F29F66 /* RootTabBarVC.swift */,
				36551B7D22B362BE00F29F66 /* UserProfileVC.swift */,
				36FF686922EA583200D0E029 /* PictureVC.swift */,
				36FF686D22EB7A5F00D0E029 /* ShareVC.swift */,
				36D9D77023134B1E00B6FE08 /* HomeVC.swift */,
			);
			path = Controller;
			sourceTree = "<group>";
		};
		366F83C82263F1FA00403BF0 /* View */ = {
			isa = PBXGroup;
			children = (
				3651A6B822E505BD00096A04 /* UserProfileVCHeader.swift */,
				36FF686B22EA612400D0E029 /* PictureCell.swift */,
				36D9D77223134C6E00B6FE08 /* HomePostCell.swift */,
			);
			path = View;
			sourceTree = "<group>";
		};
		366F83C92263F1FD00403BF0 /* Model */ = {
			isa = PBXGroup;
			children = (
				36551B7F22B3691300F29F66 /* User.swift */,
				36FF686F22EB94D900D0E029 /* Post.swift */,
			);
			path = Model;
			sourceTree = "<group>";
		};
		366FE4AF22A4C7C80049C212 /* Service */ = {
			isa = PBXGroup;
			children = (
				366FE4B022A4C7E40049C212 /* AuthenticationManager.swift */,
				366FE4B222A4C9760049C212 /* DatabaseManager.swift */,
				366FE4B622A4CC930049C212 /* StorageManager.swift */,
			);
			path = Service;
			sourceTree = "<group>";
		};
		4ACC6D3B5E87095AB472F17F /* Pods */ = {
			isa = PBXGroup;
			children = (
				AC28A1A8393BAD1F2500E98F /* Pods-Instagram-Clone.debug.xcconfig */,
				572EAC0D6AFC158D8E1D9A3F /* Pods-Instagram-Clone.release.xcconfig */,
				D0328088F39327CA2328CAF4 /* Pods-Instagram-CloneTests.debug.xcconfig */,
				5499DF27BDD7B03516F9BB5D /* Pods-Instagram-CloneTests.release.xcconfig */,
				A9F6756536623BC6DCF083D3 /* Pods-Instagram-CloneUITests.debug.xcconfig */,
				2DB836C6FDD241B701F33F82 /* Pods-Instagram-CloneUITests.release.xcconfig */,
			);
			name = Pods;
			sourceTree = "<group>";
		};
		D00FE48FFF7B3CA9E58287FD /* Frameworks */ = {
			isa = PBXGroup;
			children = (
				DD12B08BC3EDCDC739F995AA /* Pods_Instagram_Clone.framework */,
				B04FF4DE2775645FC4F7DC4F /* Pods_Instagram_CloneTests.framework */,
				57476DE685861C8A61A1F16A /* Pods_Instagram_CloneUITests.framework */,
			);
			name = Frameworks;
			sourceTree = "<group>";
		};
/* End PBXGroup section */

/* Begin PBXNativeTarget section */
		36348B9C225EA9D100B46C1F /* Instagram-Clone */ = {
			isa = PBXNativeTarget;
			buildConfigurationList = 36348BC5225EA9D300B46C1F /* Build configuration list for PBXNativeTarget "Instagram-Clone" */;
			buildPhases = (
				27CD88BEE04EE5C8FBAFB3DC /* [CP] Check Pods Manifest.lock */,
				36348B99225EA9D100B46C1F /* Sources */,
				36348B9A225EA9D100B46C1F /* Frameworks */,
				36348B9B225EA9D100B46C1F /* Resources */,
				5AA93D5210F0009DB278CE41 /* [CP] Embed Pods Frameworks */,
			);
			buildRules = (
			);
			dependencies = (
			);
			name = "Instagram-Clone";
			productName = "Instagram-Clone";
			productReference = 36348B9D225EA9D100B46C1F /* Instagram-Clone.app */;
			productType = "com.apple.product-type.application";
		};
		36348BB0225EA9D300B46C1F /* Instagram-CloneTests */ = {
			isa = PBXNativeTarget;
			buildConfigurationList = 36348BC8225EA9D300B46C1F /* Build configuration list for PBXNativeTarget "Instagram-CloneTests" */;
			buildPhases = (
				03A113C8542E15058F24F9B9 /* [CP] Check Pods Manifest.lock */,
				36348BAD225EA9D300B46C1F /* Sources */,
				36348BAE225EA9D300B46C1F /* Frameworks */,
				36348BAF225EA9D300B46C1F /* Resources */,
			);
			buildRules = (
			);
			dependencies = (
				36348BB3225EA9D300B46C1F /* PBXTargetDependency */,
			);
			name = "Instagram-CloneTests";
			productName = "Instagram-CloneTests";
			productReference = 36348BB1225EA9D300B46C1F /* Instagram-CloneTests.xctest */;
			productType = "com.apple.product-type.bundle.unit-test";
		};
		36348BBB225EA9D300B46C1F /* Instagram-CloneUITests */ = {
			isa = PBXNativeTarget;
			buildConfigurationList = 36348BCB225EA9D300B46C1F /* Build configuration list for PBXNativeTarget "Instagram-CloneUITests" */;
			buildPhases = (
				ED01B0E41FC38FB327AD65C5 /* [CP] Check Pods Manifest.lock */,
				36348BB8225EA9D300B46C1F /* Sources */,
				36348BB9225EA9D300B46C1F /* Frameworks */,
				36348BBA225EA9D300B46C1F /* Resources */,
			);
			buildRules = (
			);
			dependencies = (
				36348BBE225EA9D300B46C1F /* PBXTargetDependency */,
			);
			name = "Instagram-CloneUITests";
			productName = "Instagram-CloneUITests";
			productReference = 36348BBC225EA9D300B46C1F /* Instagram-CloneUITests.xctest */;
			productType = "com.apple.product-type.bundle.ui-testing";
		};
/* End PBXNativeTarget section */

/* Begin PBXProject section */
		36348B95225EA9D100B46C1F /* Project object */ = {
			isa = PBXProject;
			attributes = {
				LastSwiftUpdateCheck = 1010;
				LastUpgradeCheck = 1010;
				ORGANIZATIONNAME = "Akil Kumar Thota";
				TargetAttributes = {
					36348B9C225EA9D100B46C1F = {
						CreatedOnToolsVersion = 10.1;
					};
					36348BB0225EA9D300B46C1F = {
						CreatedOnToolsVersion = 10.1;
						TestTargetID = 36348B9C225EA9D100B46C1F;
					};
					36348BBB225EA9D300B46C1F = {
						CreatedOnToolsVersion = 10.1;
						TestTargetID = 36348B9C225EA9D100B46C1F;
					};
				};
			};
			buildConfigurationList = 36348B98225EA9D100B46C1F /* Build configuration list for PBXProject "Instagram-Clone" */;
			compatibilityVersion = "Xcode 9.3";
			developmentRegion = en;
			hasScannedForEncodings = 0;
			knownRegions = (
				en,
				Base,
			);
			mainGroup = 36348B94225EA9D100B46C1F;
			productRefGroup = 36348B9E225EA9D100B46C1F /* Products */;
			projectDirPath = "";
			projectRoot = "";
			targets = (
				36348B9C225EA9D100B46C1F /* Instagram-Clone */,
				36348BB0225EA9D300B46C1F /* Instagram-CloneTests */,
				36348BBB225EA9D300B46C1F /* Instagram-CloneUITests */,
			);
		};
/* End PBXProject section */

/* Begin PBXResourcesBuildPhase section */
		36348B9B225EA9D100B46C1F /* Resources */ = {
			isa = PBXResourcesBuildPhase;
			buildActionMask = 2147483647;
			files = (
				36348BAB225EA9D300B46C1F /* LaunchScreen.storyboard in Resources */,
				366F83C62263EED900403BF0 /* GoogleService-Info.plist in Resources */,
				36348BA8225EA9D300B46C1F /* Assets.xcassets in Resources */,
			);
			runOnlyForDeploymentPostprocessing = 0;
		};
		36348BAF225EA9D300B46C1F /* Resources */ = {
			isa = PBXResourcesBuildPhase;
			buildActionMask = 2147483647;
			files = (
			);
			runOnlyForDeploymentPostprocessing = 0;
		};
		36348BBA225EA9D300B46C1F /* Resources */ = {
			isa = PBXResourcesBuildPhase;
			buildActionMask = 2147483647;
			files = (
			);
			runOnlyForDeploymentPostprocessing = 0;
		};
/* End PBXResourcesBuildPhase section */

/* Begin PBXShellScriptBuildPhase section */
		03A113C8542E15058F24F9B9 /* [CP] Check Pods Manifest.lock */ = {
			isa = PBXShellScriptBuildPhase;
			buildActionMask = 2147483647;
			files = (
			);
			inputPaths = (
				"${PODS_PODFILE_DIR_PATH}/Podfile.lock",
				"${PODS_ROOT}/Manifest.lock",
			);
			name = "[CP] Check Pods Manifest.lock";
			outputPaths = (
				"$(DERIVED_FILE_DIR)/Pods-Instagram-CloneTests-checkManifestLockResult.txt",
			);
			runOnlyForDeploymentPostprocessing = 0;
			shellPath = /bin/sh;
			shellScript = "diff \"${PODS_PODFILE_DIR_PATH}/Podfile.lock\" \"${PODS_ROOT}/Manifest.lock\" > /dev/null\nif [ $? != 0 ] ; then\n    # print error to STDERR\n    echo \"error: The sandbox is not in sync with the Podfile.lock. Run 'pod install' or update your CocoaPods installation.\" >&2\n    exit 1\nfi\n# This output is used by Xcode 'outputs' to avoid re-running this script phase.\necho \"SUCCESS\" > \"${SCRIPT_OUTPUT_FILE_0}\"\n";
			showEnvVarsInLog = 0;
		};
		27CD88BEE04EE5C8FBAFB3DC /* [CP] Check Pods Manifest.lock */ = {
			isa = PBXShellScriptBuildPhase;
			buildActionMask = 2147483647;
			files = (
			);
			inputPaths = (
				"${PODS_PODFILE_DIR_PATH}/Podfile.lock",
				"${PODS_ROOT}/Manifest.lock",
			);
			name = "[CP] Check Pods Manifest.lock";
			outputPaths = (
				"$(DERIVED_FILE_DIR)/Pods-Instagram-Clone-checkManifestLockResult.txt",
			);
			runOnlyForDeploymentPostprocessing = 0;
			shellPath = /bin/sh;
			shellScript = "diff \"${PODS_PODFILE_DIR_PATH}/Podfile.lock\" \"${PODS_ROOT}/Manifest.lock\" > /dev/null\nif [ $? != 0 ] ; then\n    # print error to STDERR\n    echo \"error: The sandbox is not in sync with the Podfile.lock. Run 'pod install' or update your CocoaPods installation.\" >&2\n    exit 1\nfi\n# This output is used by Xcode 'outputs' to avoid re-running this script phase.\necho \"SUCCESS\" > \"${SCRIPT_OUTPUT_FILE_0}\"\n";
			showEnvVarsInLog = 0;
		};
		5AA93D5210F0009DB278CE41 /* [CP] Embed Pods Frameworks */ = {
			isa = PBXShellScriptBuildPhase;
			buildActionMask = 2147483647;
			files = (
			);
			inputPaths = (
				"${SRCROOT}/Pods/Target Support Files/Pods-Instagram-Clone/Pods-Instagram-Clone-frameworks.sh",
				"${BUILT_PRODUCTS_DIR}/GTMSessionFetcher/GTMSessionFetcher.framework",
				"${BUILT_PRODUCTS_DIR}/GoogleUtilities/GoogleUtilities.framework",
				"${BUILT_PRODUCTS_DIR}/SDWebImage/SDWebImage.framework",
				"${BUILT_PRODUCTS_DIR}/leveldb-library/leveldb.framework",
				"${BUILT_PRODUCTS_DIR}/nanopb/nanopb.framework",
			);
			name = "[CP] Embed Pods Frameworks";
			outputPaths = (
				"${TARGET_BUILD_DIR}/${FRAMEWORKS_FOLDER_PATH}/GTMSessionFetcher.framework",
				"${TARGET_BUILD_DIR}/${FRAMEWORKS_FOLDER_PATH}/GoogleUtilities.framework",
				"${TARGET_BUILD_DIR}/${FRAMEWORKS_FOLDER_PATH}/SDWebImage.framework",
				"${TARGET_BUILD_DIR}/${FRAMEWORKS_FOLDER_PATH}/leveldb.framework",
				"${TARGET_BUILD_DIR}/${FRAMEWORKS_FOLDER_PATH}/nanopb.framework",
			);
			runOnlyForDeploymentPostprocessing = 0;
			shellPath = /bin/sh;
			shellScript = "\"${SRCROOT}/Pods/Target Support Files/Pods-Instagram-Clone/Pods-Instagram-Clone-frameworks.sh\"\n";
			showEnvVarsInLog = 0;
		};
		ED01B0E41FC38FB327AD65C5 /* [CP] Check Pods Manifest.lock */ = {
			isa = PBXShellScriptBuildPhase;
			buildActionMask = 2147483647;
			files = (
			);
			inputPaths = (
				"${PODS_PODFILE_DIR_PATH}/Podfile.lock",
				"${PODS_ROOT}/Manifest.lock",
			);
			name = "[CP] Check Pods Manifest.lock";
			outputPaths = (
				"$(DERIVED_FILE_DIR)/Pods-Instagram-CloneUITests-checkManifestLockResult.txt",
			);
			runOnlyForDeploymentPostprocessing = 0;
			shellPath = /bin/sh;
			shellScript = "diff \"${PODS_PODFILE_DIR_PATH}/Podfile.lock\" \"${PODS_ROOT}/Manifest.lock\" > /dev/null\nif [ $? != 0 ] ; then\n    # print error to STDERR\n    echo \"error: The sandbox is not in sync with the Podfile.lock. Run 'pod install' or update your CocoaPods installation.\" >&2\n    exit 1\nfi\n# This output is used by Xcode 'outputs' to avoid re-running this script phase.\necho \"SUCCESS\" > \"${SCRIPT_OUTPUT_FILE_0}\"\n";
			showEnvVarsInLog = 0;
		};
/* End PBXShellScriptBuildPhase section */

/* Begin PBXSourcesBuildPhase section */
		36348B99225EA9D100B46C1F /* Sources */ = {
			isa = PBXSourcesBuildPhase;
			buildActionMask = 2147483647;
			files = (
				36348BA3225EA9D100B46C1F /* SignUPVC.swift in Sources */,
				366F83C42263E49E00403BF0 /* Extensions.swift in Sources */,
				36D9D77323134C6E00B6FE08 /* HomePostCell.swift in Sources */,
				368C4ED822E9179000A852A2 /* LoginVC.swift in Sources */,
				36FF686A22EA583200D0E029 /* PictureVC.swift in Sources */,
				366FE4B322A4C9760049C212 /* DatabaseManager.swift in Sources */,
				36D9D77123134B1E00B6FE08 /* HomeVC.swift in Sources */,
				366FE4B722A4CC930049C212 /* StorageManager.swift in Sources */,
				36348BA1225EA9D100B46C1F /* AppDelegate.swift in Sources */,
				36551B7E22B362BE00F29F66 /* UserProfileVC.swift in Sources */,
				366FE4B122A4C7E40049C212 /* AuthenticationManager.swift in Sources */,
				36551B7C22B35E1B00F29F66 /* RootTabBarVC.swift in Sources */,
				36551B8022B3691300F29F66 /* User.swift in Sources */,
				36FF687022EB94D900D0E029 /* Post.swift in Sources */,
				3651A6B922E505BD00096A04 /* UserProfileVCHeader.swift in Sources */,
				36FF686C22EA612400D0E029 /* PictureCell.swift in Sources */,
				366FE4B522A4CC340049C212 /* Constants.swift in Sources */,
				36FF686E22EB7A5F00D0E029 /* ShareVC.swift in Sources */,
			);
			runOnlyForDeploymentPostprocessing = 0;
		};
		36348BAD225EA9D300B46C1F /* Sources */ = {
			isa = PBXSourcesBuildPhase;
			buildActionMask = 2147483647;
			files = (
				36348BB6225EA9D300B46C1F /* Instagram_CloneTests.swift in Sources */,
			);
			runOnlyForDeploymentPostprocessing = 0;
		};
		36348BB8225EA9D300B46C1F /* Sources */ = {
			isa = PBXSourcesBuildPhase;
			buildActionMask = 2147483647;
			files = (
				36348BC1225EA9D300B46C1F /* Instagram_CloneUITests.swift in Sources */,
			);
			runOnlyForDeploymentPostprocessing = 0;
		};
/* End PBXSourcesBuildPhase section */

/* Begin PBXTargetDependency section */
		36348BB3225EA9D300B46C1F /* PBXTargetDependency */ = {
			isa = PBXTargetDependency;
			target = 36348B9C225EA9D100B46C1F /* Instagram-Clone */;
			targetProxy = 36348BB2225EA9D300B46C1F /* PBXContainerItemProxy */;
		};
		36348BBE225EA9D300B46C1F /* PBXTargetDependency */ = {
			isa = PBXTargetDependency;
			target = 36348B9C225EA9D100B46C1F /* Instagram-Clone */;
			targetProxy = 36348BBD225EA9D300B46C1F /* PBXContainerItemProxy */;
		};
/* End PBXTargetDependency section */

/* Begin PBXVariantGroup section */
		36348BA9225EA9D300B46C1F /* LaunchScreen.storyboard */ = {
			isa = PBXVariantGroup;
			children = (
				36348BAA225EA9D300B46C1F /* Base */,
			);
			name = LaunchScreen.storyboard;
			sourceTree = "<group>";
		};
/* End PBXVariantGroup section */

/* Begin XCBuildConfiguration section */
		36348BC3225EA9D300B46C1F /* Debug */ = {
			isa = XCBuildConfiguration;
			buildSettings = {
				ALWAYS_SEARCH_USER_PATHS = NO;
				CLANG_ANALYZER_NONNULL = YES;
				CLANG_ANALYZER_NUMBER_OBJECT_CONVERSION = YES_AGGRESSIVE;
				CLANG_CXX_LANGUAGE_STANDARD = "gnu++14";
				CLANG_CXX_LIBRARY = "libc++";
				CLANG_ENABLE_MODULES = YES;
				CLANG_ENABLE_OBJC_ARC = YES;
				CLANG_ENABLE_OBJC_WEAK = YES;
				CLANG_WARN_BLOCK_CAPTURE_AUTORELEASING = YES;
				CLANG_WARN_BOOL_CONVERSION = YES;
				CLANG_WARN_COMMA = YES;
				CLANG_WARN_CONSTANT_CONVERSION = YES;
				CLANG_WARN_DEPRECATED_OBJC_IMPLEMENTATIONS = YES;
				CLANG_WARN_DIRECT_OBJC_ISA_USAGE = YES_ERROR;
				CLANG_WARN_DOCUMENTATION_COMMENTS = YES;
				CLANG_WARN_EMPTY_BODY = YES;
				CLANG_WARN_ENUM_CONVERSION = YES;
				CLANG_WARN_INFINITE_RECURSION = YES;
				CLANG_WARN_INT_CONVERSION = YES;
				CLANG_WARN_NON_LITERAL_NULL_CONVERSION = YES;
				CLANG_WARN_OBJC_IMPLICIT_RETAIN_SELF = YES;
				CLANG_WARN_OBJC_LITERAL_CONVERSION = YES;
				CLANG_WARN_OBJC_ROOT_CLASS = YES_ERROR;
				CLANG_WARN_RANGE_LOOP_ANALYSIS = YES;
				CLANG_WARN_STRICT_PROTOTYPES = YES;
				CLANG_WARN_SUSPICIOUS_MOVE = YES;
				CLANG_WARN_UNGUARDED_AVAILABILITY = YES_AGGRESSIVE;
				CLANG_WARN_UNREACHABLE_CODE = YES;
				CLANG_WARN__DUPLICATE_METHOD_MATCH = YES;
				CODE_SIGN_IDENTITY = "iPhone Developer";
				COPY_PHASE_STRIP = NO;
				DEBUG_INFORMATION_FORMAT = dwarf;
				ENABLE_STRICT_OBJC_MSGSEND = YES;
				ENABLE_TESTABILITY = YES;
				GCC_C_LANGUAGE_STANDARD = gnu11;
				GCC_DYNAMIC_NO_PIC = NO;
				GCC_NO_COMMON_BLOCKS = YES;
				GCC_OPTIMIZATION_LEVEL = 0;
				GCC_PREPROCESSOR_DEFINITIONS = (
					"DEBUG=1",
					"$(inherited)",
				);
				GCC_WARN_64_TO_32_BIT_CONVERSION = YES;
				GCC_WARN_ABOUT_RETURN_TYPE = YES_ERROR;
				GCC_WARN_UNDECLARED_SELECTOR = YES;
				GCC_WARN_UNINITIALIZED_AUTOS = YES_AGGRESSIVE;
				GCC_WARN_UNUSED_FUNCTION = YES;
				GCC_WARN_UNUSED_VARIABLE = YES;
				IPHONEOS_DEPLOYMENT_TARGET = 12.1;
				MTL_ENABLE_DEBUG_INFO = INCLUDE_SOURCE;
				MTL_FAST_MATH = YES;
				ONLY_ACTIVE_ARCH = YES;
				SDKROOT = iphoneos;
				SWIFT_ACTIVE_COMPILATION_CONDITIONS = DEBUG;
				SWIFT_OPTIMIZATION_LEVEL = "-Onone";
			};
			name = Debug;
		};
		36348BC4225EA9D300B46C1F /* Release */ = {
			isa = XCBuildConfiguration;
			buildSettings = {
				ALWAYS_SEARCH_USER_PATHS = NO;
				CLANG_ANALYZER_NONNULL = YES;
				CLANG_ANALYZER_NUMBER_OBJECT_CONVERSION = YES_AGGRESSIVE;
				CLANG_CXX_LANGUAGE_STANDARD = "gnu++14";
				CLANG_CXX_LIBRARY = "libc++";
				CLANG_ENABLE_MODULES = YES;
				CLANG_ENABLE_OBJC_ARC = YES;
				CLANG_ENABLE_OBJC_WEAK = YES;
				CLANG_WARN_BLOCK_CAPTURE_AUTORELEASING = YES;
				CLANG_WARN_BOOL_CONVERSION = YES;
				CLANG_WARN_COMMA = YES;
				CLANG_WARN_CONSTANT_CONVERSION = YES;
				CLANG_WARN_DEPRECATED_OBJC_IMPLEMENTATIONS = YES;
				CLANG_WARN_DIRECT_OBJC_ISA_USAGE = YES_ERROR;
				CLANG_WARN_DOCUMENTATION_COMMENTS = YES;
				CLANG_WARN_EMPTY_BODY = YES;
				CLANG_WARN_ENUM_CONVERSION = YES;
				CLANG_WARN_INFINITE_RECURSION = YES;
				CLANG_WARN_INT_CONVERSION = YES;
				CLANG_WARN_NON_LITERAL_NULL_CONVERSION = YES;
				CLANG_WARN_OBJC_IMPLICIT_RETAIN_SELF = YES;
				CLANG_WARN_OBJC_LITERAL_CONVERSION = YES;
				CLANG_WARN_OBJC_ROOT_CLASS = YES_ERROR;
				CLANG_WARN_RANGE_LOOP_ANALYSIS = YES;
				CLANG_WARN_STRICT_PROTOTYPES = YES;
				CLANG_WARN_SUSPICIOUS_MOVE = YES;
				CLANG_WARN_UNGUARDED_AVAILABILITY = YES_AGGRESSIVE;
				CLANG_WARN_UNREACHABLE_CODE = YES;
				CLANG_WARN__DUPLICATE_METHOD_MATCH = YES;
				CODE_SIGN_IDENTITY = "iPhone Developer";
				COPY_PHASE_STRIP = NO;
				DEBUG_INFORMATION_FORMAT = "dwarf-with-dsym";
				ENABLE_NS_ASSERTIONS = NO;
				ENABLE_STRICT_OBJC_MSGSEND = YES;
				GCC_C_LANGUAGE_STANDARD = gnu11;
				GCC_NO_COMMON_BLOCKS = YES;
				GCC_WARN_64_TO_32_BIT_CONVERSION = YES;
				GCC_WARN_ABOUT_RETURN_TYPE = YES_ERROR;
				GCC_WARN_UNDECLARED_SELECTOR = YES;
				GCC_WARN_UNINITIALIZED_AUTOS = YES_AGGRESSIVE;
				GCC_WARN_UNUSED_FUNCTION = YES;
				GCC_WARN_UNUSED_VARIABLE = YES;
				IPHONEOS_DEPLOYMENT_TARGET = 12.1;
				MTL_ENABLE_DEBUG_INFO = NO;
				MTL_FAST_MATH = YES;
				SDKROOT = iphoneos;
				SWIFT_COMPILATION_MODE = wholemodule;
				SWIFT_OPTIMIZATION_LEVEL = "-O";
				VALIDATE_PRODUCT = YES;
			};
			name = Release;
		};
		36348BC6225EA9D300B46C1F /* Debug */ = {
			isa = XCBuildConfiguration;
			baseConfigurationReference = AC28A1A8393BAD1F2500E98F /* Pods-Instagram-Clone.debug.xcconfig */;
			buildSettings = {
				ASSETCATALOG_COMPILER_APPICON_NAME = AppIcon;
				CODE_SIGN_STYLE = Automatic;
				DEVELOPMENT_TEAM = 6UPMA52VHK;
				INFOPLIST_FILE = "Instagram-Clone/Info.plist";
				IPHONEOS_DEPLOYMENT_TARGET = 12.2;
				LD_RUNPATH_SEARCH_PATHS = (
					"$(inherited)",
					"@executable_path/Frameworks",
				);
				PRODUCT_BUNDLE_IDENTIFIER = "com.ak28.Instagram-Clone";
				PRODUCT_NAME = "$(TARGET_NAME)";
				SWIFT_VERSION = 4.2;
				TARGETED_DEVICE_FAMILY = 1;
			};
			name = Debug;
		};
		36348BC7225EA9D300B46C1F /* Release */ = {
			isa = XCBuildConfiguration;
			baseConfigurationReference = 572EAC0D6AFC158D8E1D9A3F /* Pods-Instagram-Clone.release.xcconfig */;
			buildSettings = {
				ASSETCATALOG_COMPILER_APPICON_NAME = AppIcon;
				CODE_SIGN_STYLE = Automatic;
				DEVELOPMENT_TEAM = 6UPMA52VHK;
				INFOPLIST_FILE = "Instagram-Clone/Info.plist";
				IPHONEOS_DEPLOYMENT_TARGET = 12.2;
				LD_RUNPATH_SEARCH_PATHS = (
					"$(inherited)",
					"@executable_path/Frameworks",
				);
				PRODUCT_BUNDLE_IDENTIFIER = "com.ak28.Instagram-Clone";
				PRODUCT_NAME = "$(TARGET_NAME)";
				SWIFT_VERSION = 4.2;
				TARGETED_DEVICE_FAMILY = 1;
			};
			name = Release;
		};
		36348BC9225EA9D300B46C1F /* Debug */ = {
			isa = XCBuildConfiguration;
			baseConfigurationReference = D0328088F39327CA2328CAF4 /* Pods-Instagram-CloneTests.debug.xcconfig */;
			buildSettings = {
				ALWAYS_EMBED_SWIFT_STANDARD_LIBRARIES = YES;
				BUNDLE_LOADER = "$(TEST_HOST)";
				CODE_SIGN_STYLE = Automatic;
				INFOPLIST_FILE = "Instagram-CloneTests/Info.plist";
				LD_RUNPATH_SEARCH_PATHS = (
					"$(inherited)",
					"@executable_path/Frameworks",
					"@loader_path/Frameworks",
				);
				PRODUCT_BUNDLE_IDENTIFIER = "com.ak28.Instagram-CloneTests";
				PRODUCT_NAME = "$(TARGET_NAME)";
				SWIFT_VERSION = 4.2;
				TARGETED_DEVICE_FAMILY = "1,2";
				TEST_HOST = "$(BUILT_PRODUCTS_DIR)/Instagram-Clone.app/Instagram-Clone";
			};
			name = Debug;
		};
		36348BCA225EA9D300B46C1F /* Release */ = {
			isa = XCBuildConfiguration;
			baseConfigurationReference = 5499DF27BDD7B03516F9BB5D /* Pods-Instagram-CloneTests.release.xcconfig */;
			buildSettings = {
				ALWAYS_EMBED_SWIFT_STANDARD_LIBRARIES = YES;
				BUNDLE_LOADER = "$(TEST_HOST)";
				CODE_SIGN_STYLE = Automatic;
				INFOPLIST_FILE = "Instagram-CloneTests/Info.plist";
				LD_RUNPATH_SEARCH_PATHS = (
					"$(inherited)",
					"@executable_path/Frameworks",
					"@loader_path/Frameworks",
				);
				PRODUCT_BUNDLE_IDENTIFIER = "com.ak28.Instagram-CloneTests";
				PRODUCT_NAME = "$(TARGET_NAME)";
				SWIFT_VERSION = 4.2;
				TARGETED_DEVICE_FAMILY = "1,2";
				TEST_HOST = "$(BUILT_PRODUCTS_DIR)/Instagram-Clone.app/Instagram-Clone";
			};
			name = Release;
		};
		36348BCC225EA9D300B46C1F /* Debug */ = {
			isa = XCBuildConfiguration;
			baseConfigurationReference = A9F6756536623BC6DCF083D3 /* Pods-Instagram-CloneUITests.debug.xcconfig */;
			buildSettings = {
				ALWAYS_EMBED_SWIFT_STANDARD_LIBRARIES = YES;
				CODE_SIGN_STYLE = Automatic;
				INFOPLIST_FILE = "Instagram-CloneUITests/Info.plist";
				LD_RUNPATH_SEARCH_PATHS = (
					"$(inherited)",
					"@executable_path/Frameworks",
					"@loader_path/Frameworks",
				);
				PRODUCT_BUNDLE_IDENTIFIER = "com.ak28.Instagram-CloneUITests";
				PRODUCT_NAME = "$(TARGET_NAME)";
				SWIFT_VERSION = 4.2;
				TARGETED_DEVICE_FAMILY = "1,2";
				TEST_TARGET_NAME = "Instagram-Clone";
			};
			name = Debug;
		};
		36348BCD225EA9D300B46C1F /* Release */ = {
			isa = XCBuildConfiguration;
			baseConfigurationReference = 2DB836C6FDD241B701F33F82 /* Pods-Instagram-CloneUITests.release.xcconfig */;
			buildSettings = {
				ALWAYS_EMBED_SWIFT_STANDARD_LIBRARIES = YES;
				CODE_SIGN_STYLE = Automatic;
				INFOPLIST_FILE = "Instagram-CloneUITests/Info.plist";
				LD_RUNPATH_SEARCH_PATHS = (
					"$(inherited)",
					"@executable_path/Frameworks",
					"@loader_path/Frameworks",
				);
				PRODUCT_BUNDLE_IDENTIFIER = "com.ak28.Instagram-CloneUITests";
				PRODUCT_NAME = "$(TARGET_NAME)";
				SWIFT_VERSION = 4.2;
				TARGETED_DEVICE_FAMILY = "1,2";
				TEST_TARGET_NAME = "Instagram-Clone";
			};
			name = Release;
		};
/* End XCBuildConfiguration section */

/* Begin XCConfigurationList section */
		36348B98225EA9D100B46C1F /* Build configuration list for PBXProject "Instagram-Clone" */ = {
			isa = XCConfigurationList;
			buildConfigurations = (
				36348BC3225EA9D300B46C1F /* Debug */,
				36348BC4225EA9D300B46C1F /* Release */,
			);
			defaultConfigurationIsVisible = 0;
			defaultConfigurationName = Release;
		};
		36348BC5225EA9D300B46C1F /* Build configuration list for PBXNativeTarget "Instagram-Clone" */ = {
			isa = XCConfigurationList;
			buildConfigurations = (
				36348BC6225EA9D300B46C1F /* Debug */,
				36348BC7225EA9D300B46C1F /* Release */,
			);
			defaultConfigurationIsVisible = 0;
			defaultConfigurationName = Release;
		};
		36348BC8225EA9D300B46C1F /* Build configuration list for PBXNativeTarget "Instagram-CloneTests" */ = {
			isa = XCConfigurationList;
			buildConfigurations = (
				36348BC9225EA9D300B46C1F /* Debug */,
				36348BCA225EA9D300B46C1F /* Release */,
			);
			defaultConfigurationIsVisible = 0;
			defaultConfigurationName = Release;
		};
		36348BCB225EA9D300B46C1F /* Build configuration list for PBXNativeTarget "Instagram-CloneUITests" */ = {
			isa = XCConfigurationList;
			buildConfigurations = (
				36348BCC225EA9D300B46C1F /* Debug */,
				36348BCD225EA9D300B46C1F /* Release */,
			);
			defaultConfigurationIsVisible = 0;
			defaultConfigurationName = Release;
		};
/* End XCConfigurationList section */
	};
	rootObject = 36348B95225EA9D100B46C1F /* Project object */;
}
